
Microsoft Visual Studio Solution File, Format Version 12.00
# Visual Studio 14
VisualStudioVersion = 14.0.25420.1
MinimumVisualStudioVersion = 10.0.40219.1
Project("{FAE04EC0-301F-11D3-BF4B-00C04F79EFBC}") = "Manufacturing.Api", "Manufacturing.Api\Manufacturing.Api.csproj", "{C4F22010-8437-4A43-87EA-7847763EA464}"
EndProject
Project("{FAE04EC0-301F-11D3-BF4B-00C04F79EFBC}") = "EventSource.Framework", "EventSource.Framework\EventSource.Framework.csproj", "{4DB181D1-7B1F-4222-8319-65CD42FF411A}"
EndProject
Project("{FAE04EC0-301F-11D3-BF4B-00C04F79EFBC}") = "Manufacturing.Domain", "Manufacturing.Domain\Manufacturing.Domain.csproj", "{BB444509-6EC5-4160-B7E5-42CE58BDAB41}"
EndProject
Project("{2150E333-8FDC-42A3-9474-1A3956D46DE8}") = "Tests", "Tests", "{4E4FB174-3E18-434D-935D-18B318F6E547}"
EndProject
Project("{FAE04EC0-301F-11D3-BF4B-00C04F79EFBC}") = "WrkOrdr.Tests", "WrkOrdr.Tests\WrkOrdr.Tests.csproj", "{9D406F09-E812-45F6-8919-BF0BA6B0DC11}"
EndProject
Project("{2150E333-8FDC-42A3-9474-1A3956D46DE8}") = "Manufacturing", "Manufacturing", "{5DF4DA86-FCE4-45B3-9265-F0E2253E3A95}"
EndProject
Project("{2150E333-8FDC-42A3-9474-1A3956D46DE8}") = "Sales", "Sales", "{B28A77F7-683C-4153-A3E5-8CB325C6A1EB}"
EndProject
Project("{FAE04EC0-301F-11D3-BF4B-00C04F79EFBC}") = "Manufacturing.Common", "Manufacturing.Common\Manufacturing.Common.csproj", "{A5D72B68-0E07-4E82-AF0D-A8BD7DCD279D}"
EndProject
Project("{2150E333-8FDC-42A3-9474-1A3956D46DE8}") = "Product", "Product", "{127B1EEC-06CD-4704-BF3B-E1BA43F987B5}"
EndProject
Project("{FAE04EC0-301F-11D3-BF4B-00C04F79EFBC}") = "Manufacturing.Api.Models", "Manufacturing.Api.Models\Manufacturing.Api.Models.csproj", "{30AB6402-FC99-491E-9623-4F02949B6C8D}"
EndProject
Project("{FAE04EC0-301F-11D3-BF4B-00C04F79EFBC}") = "SystemNotifications", "SystemNotifications\SystemNotifications.csproj", "{ADE313F2-556D-40FD-BE55-0498FB4C2129}"
EndProject
Project("{FAE04EC0-301F-11D3-BF4B-00C04F79EFBC}") = "Sales.Domain", "SalesOrder.Domain\Sales.Domain.csproj", "{E9529D83-7D28-4583-B7F4-5F0F842610F4}"
EndProject
Project("{2150E333-8FDC-42A3-9474-1A3956D46DE8}") = "Tests", "Tests", "{A019263C-0385-49C5-8550-1BCB2AF65C62}"
EndProject
Project("{FAE04EC0-301F-11D3-BF4B-00C04F79EFBC}") = "Sales.Tests", "SalesOrder.Tests\Sales.Tests.csproj", "{391A611C-991B-44E0-B159-2C27D887BD1C}"
EndProject
Project("{FAE04EC0-301F-11D3-BF4B-00C04F79EFBC}") = "Sales.Common", "SalesOrder.Common\Sales.Common.csproj", "{34C2534E-F752-45CE-9A31-7A9ED565F571}"
EndProject
Project("{FAE04EC0-301F-11D3-BF4B-00C04F79EFBC}") = "Sales.Api", "Sales.Api\Sales.Api.csproj", "{06D4A4ED-3AD0-4834-86B7-C58119560165}"
EndProject
Project("{FAE04EC0-301F-11D3-BF4B-00C04F79EFBC}") = "Sales.Api.Models", "Sales.Api.Models\Sales.Api.Models.csproj", "{543DB53D-2333-4D45-BD36-E2823BB84F61}"
EndProject
Global
	GlobalSection(SolutionConfigurationPlatforms) = preSolution
		Debug|Any CPU = Debug|Any CPU
		Release|Any CPU = Release|Any CPU
	EndGlobalSection
	GlobalSection(ProjectConfigurationPlatforms) = postSolution
		{C4F22010-8437-4A43-87EA-7847763EA464}.Debug|Any CPU.ActiveCfg = Debug|Any CPU
		{C4F22010-8437-4A43-87EA-7847763EA464}.Debug|Any CPU.Build.0 = Debug|Any CPU
		{C4F22010-8437-4A43-87EA-7847763EA464}.Release|Any CPU.ActiveCfg = Release|Any CPU
		{C4F22010-8437-4A43-87EA-7847763EA464}.Release|Any CPU.Build.0 = Release|Any CPU
		{4DB181D1-7B1F-4222-8319-65CD42FF411A}.Debug|Any CPU.ActiveCfg = Debug|Any CPU
		{4DB181D1-7B1F-4222-8319-65CD42FF411A}.Debug|Any CPU.Build.0 = Debug|Any CPU
		{4DB181D1-7B1F-4222-8319-65CD42FF411A}.Release|Any CPU.ActiveCfg = Release|Any CPU
		{4DB181D1-7B1F-4222-8319-65CD42FF411A}.Release|Any CPU.Build.0 = Release|Any CPU
		{BB444509-6EC5-4160-B7E5-42CE58BDAB41}.Debug|Any CPU.ActiveCfg = Debug|Any CPU
		{BB444509-6EC5-4160-B7E5-42CE58BDAB41}.Debug|Any CPU.Build.0 = Debug|Any CPU
		{BB444509-6EC5-4160-B7E5-42CE58BDAB41}.Release|Any CPU.ActiveCfg = Release|Any CPU
		{BB444509-6EC5-4160-B7E5-42CE58BDAB41}.Release|Any CPU.Build.0 = Release|Any CPU
		{9D406F09-E812-45F6-8919-BF0BA6B0DC11}.Debug|Any CPU.ActiveCfg = Debug|Any CPU
		{9D406F09-E812-45F6-8919-BF0BA6B0DC11}.Debug|Any CPU.Build.0 = Debug|Any CPU
		{9D406F09-E812-45F6-8919-BF0BA6B0DC11}.Release|Any CPU.ActiveCfg = Release|Any CPU
		{9D406F09-E812-45F6-8919-BF0BA6B0DC11}.Release|Any CPU.Build.0 = Release|Any CPU
		{A5D72B68-0E07-4E82-AF0D-A8BD7DCD279D}.Debug|Any CPU.ActiveCfg = Debug|Any CPU
		{A5D72B68-0E07-4E82-AF0D-A8BD7DCD279D}.Debug|Any CPU.Build.0 = Debug|Any CPU
		{A5D72B68-0E07-4E82-AF0D-A8BD7DCD279D}.Release|Any CPU.ActiveCfg = Release|Any CPU
		{A5D72B68-0E07-4E82-AF0D-A8BD7DCD279D}.Release|Any CPU.Build.0 = Release|Any CPU
		{30AB6402-FC99-491E-9623-4F02949B6C8D}.Debug|Any CPU.ActiveCfg = Debug|Any CPU
		{30AB6402-FC99-491E-9623-4F02949B6C8D}.Debug|Any CPU.Build.0 = Debug|Any CPU
		{30AB6402-FC99-491E-9623-4F02949B6C8D}.Release|Any CPU.ActiveCfg = Release|Any CPU
		{30AB6402-FC99-491E-9623-4F02949B6C8D}.Release|Any CPU.Build.0 = Release|Any CPU
		{ADE313F2-556D-40FD-BE55-0498FB4C2129}.Debug|Any CPU.ActiveCfg = Debug|Any CPU
		{ADE313F2-556D-40FD-BE55-0498FB4C2129}.Debug|Any CPU.Build.0 = Debug|Any CPU
		{ADE313F2-556D-40FD-BE55-0498FB4C2129}.Release|Any CPU.ActiveCfg = Release|Any CPU
		{ADE313F2-556D-40FD-BE55-0498FB4C2129}.Release|Any CPU.Build.0 = Release|Any CPU
		{E9529D83-7D28-4583-B7F4-5F0F842610F4}.Debug|Any CPU.ActiveCfg = Debug|Any CPU
		{E9529D83-7D28-4583-B7F4-5F0F842610F4}.Debug|Any CPU.Build.0 = Debug|Any CPU
		{E9529D83-7D28-4583-B7F4-5F0F842610F4}.Release|Any CPU.ActiveCfg = Release|Any CPU
		{E9529D83-7D28-4583-B7F4-5F0F842610F4}.Release|Any CPU.Build.0 = Release|Any CPU
		{391A611C-991B-44E0-B159-2C27D887BD1C}.Debug|Any CPU.ActiveCfg = Debug|Any CPU
		{391A611C-991B-44E0-B159-2C27D887BD1C}.Debug|Any CPU.Build.0 = Debug|Any CPU
		{391A611C-991B-44E0-B159-2C27D887BD1C}.Release|Any CPU.ActiveCfg = Release|Any CPU
		{391A611C-991B-44E0-B159-2C27D887BD1C}.Release|Any CPU.Build.0 = Release|Any CPU
		{34C2534E-F752-45CE-9A31-7A9ED565F571}.Debug|Any CPU.ActiveCfg = Debug|Any CPU
		{34C2534E-F752-45CE-9A31-7A9ED565F571}.Debug|Any CPU.Build.0 = Debug|Any CPU
		{34C2534E-F752-45CE-9A31-7A9ED565F571}.Release|Any CPU.ActiveCfg = Release|Any CPU
		{34C2534E-F752-45CE-9A31-7A9ED565F571}.Release|Any CPU.Build.0 = Release|Any CPU
		{06D4A4ED-3AD0-4834-86B7-C58119560165}.Debug|Any CPU.ActiveCfg = Debug|Any CPU
		{06D4A4ED-3AD0-4834-86B7-C58119560165}.Debug|Any CPU.Build.0 = Debug|Any CPU
		{06D4A4ED-3AD0-4834-86B7-C58119560165}.Release|Any CPU.ActiveCfg = Release|Any CPU
		{06D4A4ED-3AD0-4834-86B7-C58119560165}.Release|Any CPU.Build.0 = Release|Any CPU
		{543DB53D-2333-4D45-BD36-E2823BB84F61}.Debug|Any CPU.ActiveCfg = Debug|Any CPU
		{543DB53D-2333-4D45-BD36-E2823BB84F61}.Debug|Any CPU.Build.0 = Debug|Any CPU
		{543DB53D-2333-4D45-BD36-E2823BB84F61}.Release|Any CPU.ActiveCfg = Release|Any CPU
		{543DB53D-2333-4D45-BD36-E2823BB84F61}.Release|Any CPU.Build.0 = Release|Any CPU
	EndGlobalSection
	GlobalSection(SolutionProperties) = preSolution
		HideSolutionNode = FALSE
	EndGlobalSection
	GlobalSection(NestedProjects) = preSolution
		{C4F22010-8437-4A43-87EA-7847763EA464} = {5DF4DA86-FCE4-45B3-9265-F0E2253E3A95}
		{BB444509-6EC5-4160-B7E5-42CE58BDAB41} = {5DF4DA86-FCE4-45B3-9265-F0E2253E3A95}
		{4E4FB174-3E18-434D-935D-18B318F6E547} = {5DF4DA86-FCE4-45B3-9265-F0E2253E3A95}
		{9D406F09-E812-45F6-8919-BF0BA6B0DC11} = {4E4FB174-3E18-434D-935D-18B318F6E547}
		{A5D72B68-0E07-4E82-AF0D-A8BD7DCD279D} = {5DF4DA86-FCE4-45B3-9265-F0E2253E3A95}
		{30AB6402-FC99-491E-9623-4F02949B6C8D} = {5DF4DA86-FCE4-45B3-9265-F0E2253E3A95}
		{E9529D83-7D28-4583-B7F4-5F0F842610F4} = {B28A77F7-683C-4153-A3E5-8CB325C6A1EB}
		{A019263C-0385-49C5-8550-1BCB2AF65C62} = {B28A77F7-683C-4153-A3E5-8CB325C6A1EB}
		{391A611C-991B-44E0-B159-2C27D887BD1C} = {A019263C-0385-49C5-8550-1BCB2AF65C62}
		{34C2534E-F752-45CE-9A31-7A9ED565F571} = {B28A77F7-683C-4153-A3E5-8CB325C6A1EB}
		{06D4A4ED-3AD0-4834-86B7-C58119560165} = {B28A77F7-683C-4153-A3E5-8CB325C6A1EB}
		{543DB53D-2333-4D45-BD36-E2823BB84F61} = {B28A77F7-683C-4153-A3E5-8CB325C6A1EB}
	EndGlobalSection
EndGlobal
